// !$*UTF8*$!
{
	archiveVersion = 1;
	classes = {
	};
	objectVersion = 56;
	objects = {

/* Begin PBXBuildFile section */
		4C054BDB2BF653F70068B5B0 /* WeatherAppApp.swift in Sources */ = {isa = PBXBuildFile; fileRef = 4C054BDA2BF653F70068B5B0 /* WeatherAppApp.swift */; };
		4C054BDD2BF653F70068B5B0 /* ContentView.swift in Sources */ = {isa = PBXBuildFile; fileRef = 4C054BDC2BF653F70068B5B0 /* ContentView.swift */; };
		4C054BDF2BF653FB0068B5B0 /* Assets.xcassets in Resources */ = {isa = PBXBuildFile; fileRef = 4C054BDE2BF653FB0068B5B0 /* Assets.xcassets */; };
		4C054BE22BF653FB0068B5B0 /* Preview Assets.xcassets in Resources */ = {isa = PBXBuildFile; fileRef = 4C054BE12BF653FB0068B5B0 /* Preview Assets.xcassets */; };
		4C054BEA2BF654890068B5B0 /* Alamofire in Frameworks */ = {isa = PBXBuildFile; productRef = 4C054BE92BF654890068B5B0 /* Alamofire */; };
		4C054BEC2BF654890068B5B0 /* AlamofireDynamic in Frameworks */ = {isa = PBXBuildFile; productRef = 4C054BEB2BF654890068B5B0 /* AlamofireDynamic */; };
		4C054BF22BF6568C0068B5B0 /* WeatherModel.swift in Sources */ = {isa = PBXBuildFile; fileRef = 4C054BF12BF6568C0068B5B0 /* WeatherModel.swift */; };
		4C054BF62BF65E5D0068B5B0 /* ListOfHome.swift in Sources */ = {isa = PBXBuildFile; fileRef = 4C054BF52BF65E5D0068B5B0 /* ListOfHome.swift */; };
		4C054BF82BF65E880068B5B0 /* CellOfHomeList.swift in Sources */ = {isa = PBXBuildFile; fileRef = 4C054BF72BF65E880068B5B0 /* CellOfHomeList.swift */; };
		4C3D6F312BFA426E005B9303 /* WeatherViewModel.swift in Sources */ = {isa = PBXBuildFile; fileRef = 4C3D6F302BFA426E005B9303 /* WeatherViewModel.swift */; };
		4CD370532BF928FC00AD895A /* SecondView.swift in Sources */ = {isa = PBXBuildFile; fileRef = 4CD370522BF928FB00AD895A /* SecondView.swift */; };
/* End PBXBuildFile section */

/* Begin PBXFileReference section */
		4C054BD72BF653F70068B5B0 /* WeatherApp.app */ = {isa = PBXFileReference; explicitFileType = wrapper.application; includeInIndex = 0; path = WeatherApp.app; sourceTree = BUILT_PRODUCTS_DIR; };
		4C054BDA2BF653F70068B5B0 /* WeatherAppApp.swift */ = {isa = PBXFileReference; lastKnownFileType = sourcecode.swift; path = WeatherAppApp.swift; sourceTree = "<group>"; };
		4C054BDC2BF653F70068B5B0 /* ContentView.swift */ = {isa = PBXFileReference; lastKnownFileType = sourcecode.swift; path = ContentView.swift; sourceTree = "<group>"; };
		4C054BDE2BF653FB0068B5B0 /* Assets.xcassets */ = {isa = PBXFileReference; lastKnownFileType = folder.assetcatalog; path = Assets.xcassets; sourceTree = "<group>"; };
		4C054BE12BF653FB0068B5B0 /* Preview Assets.xcassets */ = {isa = PBXFileReference; lastKnownFileType = folder.assetcatalog; path = "Preview Assets.xcassets"; sourceTree = "<group>"; };
		4C054BED2BF654AD0068B5B0 /* Info.plist */ = {isa = PBXFileReference; lastKnownFileType = text.plist; path = Info.plist; sourceTree = "<group>"; };
		4C054BF12BF6568C0068B5B0 /* WeatherModel.swift */ = {isa = PBXFileReference; lastKnownFileType = sourcecode.swift; path = WeatherModel.swift; sourceTree = "<group>"; };
		4C054BF52BF65E5D0068B5B0 /* ListOfHome.swift */ = {isa = PBXFileReference; lastKnownFileType = sourcecode.swift; path = ListOfHome.swift; sourceTree = "<group>"; };
		4C054BF72BF65E880068B5B0 /* CellOfHomeList.swift */ = {isa = PBXFileReference; lastKnownFileType = sourcecode.swift; path = CellOfHomeList.swift; sourceTree = "<group>"; };
		4C3D6F302BFA426E005B9303 /* WeatherViewModel.swift */ = {isa = PBXFileReference; lastKnownFileType = sourcecode.swift; path = WeatherViewModel.swift; sourceTree = "<group>"; };
		4CD370522BF928FB00AD895A /* SecondView.swift */ = {isa = PBXFileReference; lastKnownFileType = sourcecode.swift; path = SecondView.swift; sourceTree = "<group>"; };
/* End PBXFileReference section */

/* Begin PBXFrameworksBuildPhase section */
		4C054BD42BF653F70068B5B0 /* Frameworks */ = {
			isa = PBXFrameworksBuildPhase;
			buildActionMask = 2147483647;
			files = (
				4C054BEA2BF654890068B5B0 /* Alamofire in Frameworks */,
				4C054BEC2BF654890068B5B0 /* AlamofireDynamic in Frameworks */,
			);
			runOnlyForDeploymentPostprocessing = 0;
		};
/* End PBXFrameworksBuildPhase section */

/* Begin PBXGroup section */
		4C054BCE2BF653F70068B5B0 = {
			isa = PBXGroup;
			children = (
				4C054BD92BF653F70068B5B0 /* WeatherApp */,
				4C054BD82BF653F70068B5B0 /* Products */,
			);
			sourceTree = "<group>";
		};
		4C054BD82BF653F70068B5B0 /* Products */ = {
			isa = PBXGroup;
			children = (
				4C054BD72BF653F70068B5B0 /* WeatherApp.app */,
			);
			name = Products;
			sourceTree = "<group>";
		};
		4C054BD92BF653F70068B5B0 /* WeatherApp */ = {
			isa = PBXGroup;
			children = (
				4CD370512BF928E200AD895A /* SecondView */,
				4C054BF02BF655FF0068B5B0 /* View */,
				4C054BEF2BF655F40068B5B0 /* ViewModel */,
				4C054BEE2BF655E90068B5B0 /* Model */,
				4C054BED2BF654AD0068B5B0 /* Info.plist */,
				4C054BDA2BF653F70068B5B0 /* WeatherAppApp.swift */,
				4C054BDC2BF653F70068B5B0 /* ContentView.swift */,
				4C054BDE2BF653FB0068B5B0 /* Assets.xcassets */,
				4C054BE02BF653FB0068B5B0 /* Preview Content */,
			);
			path = WeatherApp;
			sourceTree = "<group>";
		};
		4C054BE02BF653FB0068B5B0 /* Preview Content */ = {
			isa = PBXGroup;
			children = (
				4C054BE12BF653FB0068B5B0 /* Preview Assets.xcassets */,
			);
			path = "Preview Content";
			sourceTree = "<group>";
		};
		4C054BEE2BF655E90068B5B0 /* Model */ = {
			isa = PBXGroup;
			children = (
				4C054BF12BF6568C0068B5B0 /* WeatherModel.swift */,
			);
			path = Model;
			sourceTree = "<group>";
		};
		4C054BEF2BF655F40068B5B0 /* ViewModel */ = {
			isa = PBXGroup;
			children = (
				4C3D6F302BFA426E005B9303 /* WeatherViewModel.swift */,
			);
			path = ViewModel;
			sourceTree = "<group>";
		};
		4C054BF02BF655FF0068B5B0 /* View */ = {
			isa = PBXGroup;
			children = (
				4C054BF52BF65E5D0068B5B0 /* ListOfHome.swift */,
				4C054BF72BF65E880068B5B0 /* CellOfHomeList.swift */,
			);
			path = View;
			sourceTree = "<group>";
		};
		4CD370512BF928E200AD895A /* SecondView */ = {
			isa = PBXGroup;
			children = (
				4CD370522BF928FB00AD895A /* SecondView.swift */,
			);
			path = SecondView;
			sourceTree = "<group>";
		};
/* End PBXGroup section */

/* Begin PBXNativeTarget section */
		4C054BD62BF653F70068B5B0 /* WeatherApp */ = {
			isa = PBXNativeTarget;
			buildConfigurationList = 4C054BE52BF653FB0068B5B0 /* Build configuration list for PBXNativeTarget "WeatherApp" */;
			buildPhases = (
				4C054BD32BF653F70068B5B0 /* Sources */,
				4C054BD42BF653F70068B5B0 /* Frameworks */,
				4C054BD52BF653F70068B5B0 /* Resources */,
			);
			buildRules = (
			);
			dependencies = (
			);
			name = WeatherApp;
			packageProductDependencies = (
				4C054BE92BF654890068B5B0 /* Alamofire */,
				4C054BEB2BF654890068B5B0 /* AlamofireDynamic */,
			);
			productName = WeatherApp;
			productReference = 4C054BD72BF653F70068B5B0 /* WeatherApp.app */;
			productType = "com.apple.product-type.application";
		};
/* End PBXNativeTarget section */

/* Begin PBXProject section */
		4C054BCF2BF653F70068B5B0 /* Project object */ = {
			isa = PBXProject;
			attributes = {
				BuildIndependentTargetsInParallel = 1;
				LastSwiftUpdateCheck = 1530;
				LastUpgradeCheck = 1530;
				TargetAttributes = {
					4C054BD62BF653F70068B5B0 = {
						CreatedOnToolsVersion = 15.3;
					};
				};
			};
			buildConfigurationList = 4C054BD22BF653F70068B5B0 /* Build configuration list for PBXProject "WeatherApp" */;
			compatibilityVersion = "Xcode 14.0";
			developmentRegion = en;
			hasScannedForEncodings = 0;
			knownRegions = (
				en,
				Base,
			);
			mainGroup = 4C054BCE2BF653F70068B5B0;
			packageReferences = (
				4C054BE82BF654890068B5B0 /* XCRemoteSwiftPackageReference "Alamofire" */,
			);
			productRefGroup = 4C054BD82BF653F70068B5B0 /* Products */;
			projectDirPath = "";
			projectRoot = "";
			targets = (
				4C054BD62BF653F70068B5B0 /* WeatherApp */,
			);
		};
/* End PBXProject section */

/* Begin PBXResourcesBuildPhase section */
		4C054BD52BF653F70068B5B0 /* Resources */ = {
			isa = PBXResourcesBuildPhase;
			buildActionMask = 2147483647;
			files = (
				4C054BE22BF653FB0068B5B0 /* Preview Assets.xcassets in Resources */,
				4C054BDF2BF653FB0068B5B0 /* Assets.xcassets in Resources */,
			);
			runOnlyForDeploymentPostprocessing = 0;
		};
/* End PBXResourcesBuildPhase section */

/* Begin PBXSourcesBuildPhase section */
		4C054BD32BF653F70068B5B0 /* Sources */ = {
			isa = PBXSourcesBuildPhase;
			buildActionMask = 2147483647;
			files = (
				4CD370532BF928FC00AD895A /* SecondView.swift in Sources */,
				4C054BDD2BF653F70068B5B0 /* ContentView.swift in Sources */,
				4C054BF62BF65E5D0068B5B0 /* ListOfHome.swift in Sources */,
				4C054BF22BF6568C0068B5B0 /* WeatherModel.swift in Sources */,
				4C054BF82BF65E880068B5B0 /* CellOfHomeList.swift in Sources */,
				4C054BDB2BF653F70068B5B0 /* WeatherAppApp.swift in Sources */,
				4C3D6F312BFA426E005B9303 /* WeatherViewModel.swift in Sources */,
			);
			runOnlyForDeploymentPostprocessing = 0;
		};
/* End PBXSourcesBuildPhase section */

/* Begin XCBuildConfiguration section */
		4C054BE32BF653FB0068B5B0 /* Debug */ = {
			isa = XCBuildConfiguration;
			buildSettings = {
				ALWAYS_SEARCH_USER_PATHS = NO;
				ASSETCATALOG_COMPILER_GENERATE_SWIFT_ASSET_SYMBOL_EXTENSIONS = YES;
				CLANG_ANALYZER_NONNULL = YES;
				CLANG_ANALYZER_NUMBER_OBJECT_CONVERSION = YES_AGGRESSIVE;
				CLANG_CXX_LANGUAGE_STANDARD = "gnu++20";
				CLANG_ENABLE_MODULES = YES;
				CLANG_ENABLE_OBJC_ARC = YES;
				CLANG_ENABLE_OBJC_WEAK = YES;
				CLANG_WARN_BLOCK_CAPTURE_AUTORELEASING = YES;
				CLANG_WARN_BOOL_CONVERSION = YES;
				CLANG_WARN_COMMA = YES;
				CLANG_WARN_CONSTANT_CONVERSION = YES;
				CLANG_WARN_DEPRECATED_OBJC_IMPLEMENTATIONS = YES;
				CLANG_WARN_DIRECT_OBJC_ISA_USAGE = YES_ERROR;
				CLANG_WARN_DOCUMENTATION_COMMENTS = YES;
				CLANG_WARN_EMPTY_BODY = YES;
				CLANG_WARN_ENUM_CONVERSION = YES;
				CLANG_WARN_INFINITE_RECURSION = YES;
				CLANG_WARN_INT_CONVERSION = YES;
				CLANG_WARN_NON_LITERAL_NULL_CONVERSION = YES;
				CLANG_WARN_OBJC_IMPLICIT_RETAIN_SELF = YES;
				CLANG_WARN_OBJC_LITERAL_CONVERSION = YES;
				CLANG_WARN_OBJC_ROOT_CLASS = YES_ERROR;
				CLANG_WARN_QUOTED_INCLUDE_IN_FRAMEWORK_HEADER = YES;
				CLANG_WARN_RANGE_LOOP_ANALYSIS = YES;
				CLANG_WARN_STRICT_PROTOTYPES = YES;
				CLANG_WARN_SUSPICIOUS_MOVE = YES;
				CLANG_WARN_UNGUARDED_AVAILABILITY = YES_AGGRESSIVE;
				CLANG_WARN_UNREACHABLE_CODE = YES;
				CLANG_WARN__DUPLICATE_METHOD_MATCH = YES;
				COPY_PHASE_STRIP = NO;
				DEBUG_INFORMATION_FORMAT = dwarf;
				ENABLE_STRICT_OBJC_MSGSEND = YES;
				ENABLE_TESTABILITY = YES;
				ENABLE_USER_SCRIPT_SANDBOXING = YES;
				GCC_C_LANGUAGE_STANDARD = gnu17;
				GCC_DYNAMIC_NO_PIC = NO;
				GCC_NO_COMMON_BLOCKS = YES;
				GCC_OPTIMIZATION_LEVEL = 0;
				GCC_PREPROCESSOR_DEFINITIONS = (
					"DEBUG=1",
					"$(inherited)",
				);
				GCC_WARN_64_TO_32_BIT_CONVERSION = YES;
				GCC_WARN_ABOUT_RETURN_TYPE = YES_ERROR;
				GCC_WARN_UNDECLARED_SELECTOR = YES;
				GCC_WARN_UNINITIALIZED_AUTOS = YES_AGGRESSIVE;
				GCC_WARN_UNUSED_FUNCTION = YES;
				GCC_WARN_UNUSED_VARIABLE = YES;
				IPHONEOS_DEPLOYMENT_TARGET = 17.4;
				LOCALIZATION_PREFERS_STRING_CATALOGS = YES;
				MTL_ENABLE_DEBUG_INFO = INCLUDE_SOURCE;
				MTL_FAST_MATH = YES;
				ONLY_ACTIVE_ARCH = YES;
				SDKROOT = iphoneos;
				SWIFT_ACTIVE_COMPILATION_CONDITIONS = "DEBUG $(inherited)";
				SWIFT_OPTIMIZATION_LEVEL = "-Onone";
			};
			name = Debug;
		};
		4C054BE42BF653FB0068B5B0 /* Release */ = {
			isa = XCBuildConfiguration;
			buildSettings = {
				ALWAYS_SEARCH_USER_PATHS = NO;
				ASSETCATALOG_COMPILER_GENERATE_SWIFT_ASSET_SYMBOL_EXTENSIONS = YES;
				CLANG_ANALYZER_NONNULL = YES;
				CLANG_ANALYZER_NUMBER_OBJECT_CONVERSION = YES_AGGRESSIVE;
				CLANG_CXX_LANGUAGE_STANDARD = "gnu++20";
				CLANG_ENABLE_MODULES = YES;
				CLANG_ENABLE_OBJC_ARC = YES;
				CLANG_ENABLE_OBJC_WEAK = YES;
				CLANG_WARN_BLOCK_CAPTURE_AUTORELEASING = YES;
				CLANG_WARN_BOOL_CONVERSION = YES;
				CLANG_WARN_COMMA = YES;
				CLANG_WARN_CONSTANT_CONVERSION = YES;
				CLANG_WARN_DEPRECATED_OBJC_IMPLEMENTATIONS = YES;
				CLANG_WARN_DIRECT_OBJC_ISA_USAGE = YES_ERROR;
				CLANG_WARN_DOCUMENTATION_COMMENTS = YES;
				CLANG_WARN_EMPTY_BODY = YES;
				CLANG_WARN_ENUM_CONVERSION = YES;
				CLANG_WARN_INFINITE_RECURSION = YES;
				CLANG_WARN_INT_CONVERSION = YES;
				CLANG_WARN_NON_LITERAL_NULL_CONVERSION = YES;
				CLANG_WARN_OBJC_IMPLICIT_RETAIN_SELF = YES;
				CLANG_WARN_OBJC_LITERAL_CONVERSION = YES;
				CLANG_WARN_OBJC_ROOT_CLASS = YES_ERROR;
				CLANG_WARN_QUOTED_INCLUDE_IN_FRAMEWORK_HEADER = YES;
				CLANG_WARN_RANGE_LOOP_ANALYSIS = YES;
				CLANG_WARN_STRICT_PROTOTYPES = YES;
				CLANG_WARN_SUSPICIOUS_MOVE = YES;
				CLANG_WARN_UNGUARDED_AVAILABILITY = YES_AGGRESSIVE;
				CLANG_WARN_UNREACHABLE_CODE = YES;
				CLANG_WARN__DUPLICATE_METHOD_MATCH = YES;
				COPY_PHASE_STRIP = NO;
				DEBUG_INFORMATION_FORMAT = "dwarf-with-dsym";
				ENABLE_NS_ASSERTIONS = NO;
				ENABLE_STRICT_OBJC_MSGSEND = YES;
				ENABLE_USER_SCRIPT_SANDBOXING = YES;
				GCC_C_LANGUAGE_STANDARD = gnu17;
				GCC_NO_COMMON_BLOCKS = YES;
				GCC_WARN_64_TO_32_BIT_CONVERSION = YES;
				GCC_WARN_ABOUT_RETURN_TYPE = YES_ERROR;
				GCC_WARN_UNDECLARED_SELECTOR = YES;
				GCC_WARN_UNINITIALIZED_AUTOS = YES_AGGRESSIVE;
				GCC_WARN_UNUSED_FUNCTION = YES;
				GCC_WARN_UNUSED_VARIABLE = YES;
				IPHONEOS_DEPLOYMENT_TARGET = 17.4;
				LOCALIZATION_PREFERS_STRING_CATALOGS = YES;
				MTL_ENABLE_DEBUG_INFO = NO;
				MTL_FAST_MATH = YES;
				SDKROOT = iphoneos;
				SWIFT_COMPILATION_MODE = wholemodule;
				VALIDATE_PRODUCT = YES;
			};
			name = Release;
		};
		4C054BE62BF653FB0068B5B0 /* Debug */ = {
			isa = XCBuildConfiguration;
			buildSettings = {
				ASSETCATALOG_COMPILER_APPICON_NAME = AppIcon;
				ASSETCATALOG_COMPILER_GLOBAL_ACCENT_COLOR_NAME = AccentColor;
				CODE_SIGN_STYLE = Automatic;
				CURRENT_PROJECT_VERSION = 1;
				DEVELOPMENT_ASSET_PATHS = "\"WeatherApp/Preview Content\"";
				ENABLE_PREVIEWS = YES;
				GENERATE_INFOPLIST_FILE = YES;
				INFOPLIST_FILE = WeatherApp/Info.plist;
				INFOPLIST_KEY_CFBundleDisplayName = "";
				INFOPLIST_KEY_LSApplicationCategoryType = "";
				INFOPLIST_KEY_NSLocationAlwaysUsageDescription = fdgdfg;
				INFOPLIST_KEY_NSLocationUsageDescription = "";
				INFOPLIST_KEY_NSLocationWhenInUseUsageDescription = fdsf;
				INFOPLIST_KEY_UIApplicationSceneManifest_Generation = YES;
				INFOPLIST_KEY_UIApplicationSupportsIndirectInputEvents = YES;
				INFOPLIST_KEY_UILaunchScreen_Generation = YES;
				INFOPLIST_KEY_UISupportedInterfaceOrientations_iPad = "UIInterfaceOrientationPortrait UIInterfaceOrientationPortraitUpsideDown UIInterfaceOrientationLandscapeLeft UIInterfaceOrientationLandscapeRight";
				INFOPLIST_KEY_UISupportedInterfaceOrientations_iPhone = "UIInterfaceOrientationPortrait UIInterfaceOrientationLandscapeLeft UIInterfaceOrientationLandscapeRight";
				LD_RUNPATH_SEARCH_PATHS = (
					"$(inherited)",
					"@executable_path/Frameworks",
				);
				MARKETING_VERSION = 1.0;
				PRODUCT_BUNDLE_IDENTIFIER = iTi.WeatherApp;
				PRODUCT_NAME = "$(TARGET_NAME)";
				SWIFT_EMIT_LOC_STRINGS = YES;
				SWIFT_VERSION = 5.0;
				TARGETED_DEVICE_FAMILY = "1,2";
			};
			name = Debug;
		};
		4C054BE72BF653FB0068B5B0 /* Release */ = {
			isa = XCBuildConfiguration;
			buildSettings = {
				ASSETCATALOG_COMPILER_APPICON_NAME = AppIcon;
				ASSETCATALOG_COMPILER_GLOBAL_ACCENT_COLOR_NAME = AccentColor;
				CODE_SIGN_STYLE = Automatic;
				CURRENT_PROJECT_VERSION = 1;
				DEVELOPMENT_ASSET_PATHS = "\"WeatherApp/Preview Content\"";
				ENABLE_PREVIEWS = YES;
				GENERATE_INFOPLIST_FILE = YES;
				INFOPLIST_FILE = WeatherApp/Info.plist;
				INFOPLIST_KEY_CFBundleDisplayName = "";
				INFOPLIST_KEY_LSApplicationCategoryType = "";
				INFOPLIST_KEY_NSLocationAlwaysUsageDescription = fdgdfg;
				INFOPLIST_KEY_NSLocationUsageDescription = "";
				INFOPLIST_KEY_NSLocationWhenInUseUsageDescription = fdsf;
				INFOPLIST_KEY_UIApplicationSceneManifest_Generation = YES;
				INFOPLIST_KEY_UIApplicationSupportsIndirectInputEvents = YES;
				INFOPLIST_KEY_UILaunchScreen_Generation = YES;
				INFOPLIST_KEY_UISupportedInterfaceOrientations_iPad = "UIInterfaceOrientationPortrait UIInterfaceOrientationPortraitUpsideDown UIInterfaceOrientationLandscapeLeft UIInterfaceOrientationLandscapeRight";
				INFOPLIST_KEY_UISupportedInterfaceOrientations_iPhone = "UIInterfaceOrientationPortrait UIInterfaceOrientationLandscapeLeft UIInterfaceOrientationLandscapeRight";
				LD_RUNPATH_SEARCH_PATHS = (
					"$(inherited)",
					"@executable_path/Frameworks",
				);
				MARKETING_VERSION = 1.0;
				PRODUCT_BUNDLE_IDENTIFIER = iTi.WeatherApp;
				PRODUCT_NAME = "$(TARGET_NAME)";
				SWIFT_EMIT_LOC_STRINGS = YES;
				SWIFT_VERSION = 5.0;
				TARGETED_DEVICE_FAMILY = "1,2";
			};
			name = Release;
		};
/* End XCBuildConfiguration section */

/* Begin XCConfigurationList section */
		4C054BD22BF653F70068B5B0 /* Build configuration list for PBXProject "WeatherApp" */ = {
			isa = XCConfigurationList;
			buildConfigurations = (
				4C054BE32BF653FB0068B5B0 /* Debug */,
				4C054BE42BF653FB0068B5B0 /* Release */,
			);
			defaultConfigurationIsVisible = 0;
			defaultConfigurationName = Release;
		};
		4C054BE52BF653FB0068B5B0 /* Build configuration list for PBXNativeTarget "WeatherApp" */ = {
			isa = XCConfigurationList;
			buildConfigurations = (
				4C054BE62BF653FB0068B5B0 /* Debug */,
				4C054BE72BF653FB0068B5B0 /* Release */,
			);
			defaultConfigurationIsVisible = 0;
			defaultConfigurationName = Release;
		};
/* End XCConfigurationList section */

/* Begin XCRemoteSwiftPackageReference section */
		4C054BE82BF654890068B5B0 /* XCRemoteSwiftPackageReference "Alamofire" */ = {
			isa = XCRemoteSwiftPackageReference;
			repositoryURL = "https://github.com/Alamofire/Alamofire.git";
			requirement = {
				kind = upToNextMajorVersion;
				minimumVersion = 5.9.1;
			};
		};
/* End XCRemoteSwiftPackageReference section */

/* Begin XCSwiftPackageProductDependency section */
		4C054BE92BF654890068B5B0 /* Alamofire */ = {
			isa = XCSwiftPackageProductDependency;
			package = 4C054BE82BF654890068B5B0 /* XCRemoteSwiftPackageReference "Alamofire" */;
			productName = Alamofire;
		};
		4C054BEB2BF654890068B5B0 /* AlamofireDynamic */ = {
			isa = XCSwiftPackageProductDependency;
			package = 4C054BE82BF654890068B5B0 /* XCRemoteSwiftPackageReference "Alamofire" */;
			productName = AlamofireDynamic;
		};
/* End XCSwiftPackageProductDependency section */
	};
	rootObject = 4C054BCF2BF653F70068B5B0 /* Project object */;
}
